{
  "version": "3",
  "packages": {
    "specifiers": {
      "npm:@types/node": "npm:@types/node@18.16.19"
    },
    "npm": {
      "@types/node@18.16.19": {
        "integrity": "sha512-IXl7o+R9iti9eBW4Wg2hx1xQDig183jj7YLn8F7udNceyfkbn1ZxmzZXuak20gR40D7pIkIY1kYGx5VIGbaHKA==",
        "dependencies": {}
      }
    }
  },
  "redirects": {
    "https://esm.sh/v135/gh/mongoosejs/mpath": "https://esm.sh/v135/gh/mongoosejs/mpath@2c9a79bd2b"
  },
  "remote": {
    "https://deno.land/std@0.218.0/assert/_constants.ts": "a271e8ef5a573f1df8e822a6eb9d09df064ad66a4390f21b3e31f820a38e0975",
    "https://deno.land/std@0.218.0/assert/_diff.ts": "dcc63d94ca289aec80644030cf88ccbf7acaa6fbd7b0f22add93616b36593840",
    "https://deno.land/std@0.218.0/assert/_format.ts": "0ba808961bf678437fb486b56405b6fefad2cf87b5809667c781ddee8c32aff4",
    "https://deno.land/std@0.218.0/assert/assert_equals.ts": "4497c56fe7d2993b0d447926702802fc0becb44e319079e8eca39b482ee01b4e",
    "https://deno.land/std@0.218.0/assert/assertion_error.ts": "9f689a101ee586c4ce92f52fa7ddd362e86434ffdf1f848e45987dc7689976b8",
    "https://deno.land/std@0.218.0/assert/equal.ts": "fae5e8a52a11d3ac694bbe1a53e13a7969e3f60791262312e91a3e741ae519e2",
    "https://deno.land/std@0.218.0/fmt/colors.ts": "d239d84620b921ea520125d778947881f62c50e78deef2657073840b8af9559a",
    "https://deno.land/std@0.219.0/assert/assert.ts": "bec068b2fccdd434c138a555b19a2c2393b71dfaada02b7d568a01541e67cdc5",
    "https://deno.land/std@0.219.0/assert/assertion_error.ts": "9f689a101ee586c4ce92f52fa7ddd362e86434ffdf1f848e45987dc7689976b8",
    "https://deno.land/std@0.219.0/path/_common/assert_path.ts": "dbdd757a465b690b2cc72fc5fb7698c51507dec6bfafce4ca500c46b76ff7bd8",
    "https://deno.land/std@0.219.0/path/_common/basename.ts": "569744855bc8445f3a56087fd2aed56bdad39da971a8d92b138c9913aecc5fa2",
    "https://deno.land/std@0.219.0/path/_common/common.ts": "ef73c2860694775fe8ffcbcdd387f9f97c7a656febf0daa8c73b56f4d8a7bd4c",
    "https://deno.land/std@0.219.0/path/_common/constants.ts": "dc5f8057159f4b48cd304eb3027e42f1148cf4df1fb4240774d3492b5d12ac0c",
    "https://deno.land/std@0.219.0/path/_common/dirname.ts": "684df4aa71a04bbcc346c692c8485594fc8a90b9408dfbc26ff32cf3e0c98cc8",
    "https://deno.land/std@0.219.0/path/_common/format.ts": "92500e91ea5de21c97f5fe91e178bae62af524b72d5fcd246d6d60ae4bcada8b",
    "https://deno.land/std@0.219.0/path/_common/from_file_url.ts": "d672bdeebc11bf80e99bf266f886c70963107bdd31134c4e249eef51133ceccf",
    "https://deno.land/std@0.219.0/path/_common/glob_to_reg_exp.ts": "6cac16d5c2dc23af7d66348a7ce430e5de4e70b0eede074bdbcf4903f4374d8d",
    "https://deno.land/std@0.219.0/path/_common/normalize.ts": "684df4aa71a04bbcc346c692c8485594fc8a90b9408dfbc26ff32cf3e0c98cc8",
    "https://deno.land/std@0.219.0/path/_common/normalize_string.ts": "dfdf657a1b1a7db7999f7c575ee7e6b0551d9c20f19486c6c3f5ff428384c965",
    "https://deno.land/std@0.219.0/path/_common/relative.ts": "faa2753d9b32320ed4ada0733261e3357c186e5705678d9dd08b97527deae607",
    "https://deno.land/std@0.219.0/path/_common/strip_trailing_separators.ts": "7024a93447efcdcfeaa9339a98fa63ef9d53de363f1fbe9858970f1bba02655a",
    "https://deno.land/std@0.219.0/path/_common/to_file_url.ts": "7f76adbc83ece1bba173e6e98a27c647712cab773d3f8cbe0398b74afc817883",
    "https://deno.land/std@0.219.0/path/_interface.ts": "a1419fcf45c0ceb8acdccc94394e3e94f99e18cfd32d509aab514c8841799600",
    "https://deno.land/std@0.219.0/path/_os.ts": "8fb9b90fb6b753bd8c77cfd8a33c2ff6c5f5bc185f50de8ca4ac6a05710b2c15",
    "https://deno.land/std@0.219.0/path/basename.ts": "5d341aadb7ada266e2280561692c165771d071c98746fcb66da928870cd47668",
    "https://deno.land/std@0.219.0/path/common.ts": "03e52e22882402c986fe97ca3b5bb4263c2aa811c515ce84584b23bac4cc2643",
    "https://deno.land/std@0.219.0/path/constants.ts": "0c206169ca104938ede9da48ac952de288f23343304a1c3cb6ec7625e7325f36",
    "https://deno.land/std@0.219.0/path/dirname.ts": "85bd955bf31d62c9aafdd7ff561c4b5fb587d11a9a5a45e2b01aedffa4238a7c",
    "https://deno.land/std@0.219.0/path/extname.ts": "593303db8ae8c865cbd9ceec6e55d4b9ac5410c1e276bfd3131916591b954441",
    "https://deno.land/std@0.219.0/path/format.ts": "42a2f3201343df77061207e6aaf78c95bafce7f711dcb7fe1e5840311c505778",
    "https://deno.land/std@0.219.0/path/from_file_url.ts": "911833ae4fd10a1c84f6271f36151ab785955849117dc48c6e43b929504ee069",
    "https://deno.land/std@0.219.0/path/glob_to_regexp.ts": "7f30f0a21439cadfdae1be1bf370880b415e676097fda584a63ce319053b5972",
    "https://deno.land/std@0.219.0/path/is_absolute.ts": "4791afc8bfd0c87f0526eaa616b0d16e7b3ab6a65b62942e50eac68de4ef67d7",
    "https://deno.land/std@0.219.0/path/is_glob.ts": "a65f6195d3058c3050ab905705891b412ff942a292bcbaa1a807a74439a14141",
    "https://deno.land/std@0.219.0/path/join.ts": "ae2ec5ca44c7e84a235fd532e4a0116bfb1f2368b394db1c4fb75e3c0f26a33a",
    "https://deno.land/std@0.219.0/path/join_globs.ts": "5b3bf248b93247194f94fa6947b612ab9d3abd571ca8386cf7789038545e54a0",
    "https://deno.land/std@0.219.0/path/mod.ts": "2821a1bb3a4148a0ffe79c92aa41aa9319fef73c6d6f5178f52b2c720d3eb02d",
    "https://deno.land/std@0.219.0/path/normalize.ts": "4155743ccceeed319b350c1e62e931600272fad8ad00c417b91df093867a8352",
    "https://deno.land/std@0.219.0/path/normalize_glob.ts": "cc89a77a7d3b1d01053b9dcd59462b75482b11e9068ae6c754b5cf5d794b374f",
    "https://deno.land/std@0.219.0/path/parse.ts": "65e8e285f1a63b714e19ef24b68f56e76934c3df0b6e65fd440d3991f4f8aefb",
    "https://deno.land/std@0.219.0/path/posix/_util.ts": "1e3937da30f080bfc99fe45d7ed23c47dd8585c5e473b2d771380d3a6937cf9d",
    "https://deno.land/std@0.219.0/path/posix/basename.ts": "39ee27a29f1f35935d3603ccf01d53f3d6e0c5d4d0f84421e65bd1afeff42843",
    "https://deno.land/std@0.219.0/path/posix/common.ts": "26f60ccc8b2cac3e1613000c23ac5a7d392715d479e5be413473a37903a2b5d4",
    "https://deno.land/std@0.219.0/path/posix/constants.ts": "93481efb98cdffa4c719c22a0182b994e5a6aed3047e1962f6c2c75b7592bef1",
    "https://deno.land/std@0.219.0/path/posix/dirname.ts": "6535d2bdd566118963537b9dda8867ba9e2a361015540dc91f5afbb65c0cce8b",
    "https://deno.land/std@0.219.0/path/posix/extname.ts": "8d36ae0082063c5e1191639699e6f77d3acf501600a3d87b74943f0ae5327427",
    "https://deno.land/std@0.219.0/path/posix/format.ts": "185e9ee2091a42dd39e2a3b8e4925370ee8407572cee1ae52838aed96310c5c1",
    "https://deno.land/std@0.219.0/path/posix/from_file_url.ts": "951aee3a2c46fd0ed488899d024c6352b59154c70552e90885ed0c2ab699bc40",
    "https://deno.land/std@0.219.0/path/posix/glob_to_regexp.ts": "76f012fcdb22c04b633f536c0b9644d100861bea36e9da56a94b9c589a742e8f",
    "https://deno.land/std@0.219.0/path/posix/is_absolute.ts": "cebe561ad0ae294f0ce0365a1879dcfca8abd872821519b4fcc8d8967f888ede",
    "https://deno.land/std@0.219.0/path/posix/is_glob.ts": "8a8b08c08bf731acf2c1232218f1f45a11131bc01de81e5f803450a5914434b9",
    "https://deno.land/std@0.219.0/path/posix/join.ts": "744fadcbee7047688696455c7cbb368a9625ffde67fc3058a61c98948fcd04de",
    "https://deno.land/std@0.219.0/path/posix/join_globs.ts": "a9475b44645feddceb484ee0498e456f4add112e181cb94042cdc6d47d1cdd25",
    "https://deno.land/std@0.219.0/path/posix/mod.ts": "2301fc1c54a28b349e20656f68a85f75befa0ee9b6cd75bfac3da5aca9c3f604",
    "https://deno.land/std@0.219.0/path/posix/normalize.ts": "baeb49816a8299f90a0237d214cef46f00ba3e95c0d2ceb74205a6a584b58a91",
    "https://deno.land/std@0.219.0/path/posix/normalize_glob.ts": "9c87a829b6c0f445d03b3ecadc14492e2864c3ebb966f4cea41e98326e4435c6",
    "https://deno.land/std@0.219.0/path/posix/parse.ts": "0b1fc4cb890dbb699ec1d2c232d274843b4a7142e1ad976b69fe51c954eb6080",
    "https://deno.land/std@0.219.0/path/posix/relative.ts": "3907d6eda41f0ff723d336125a1ad4349112cd4d48f693859980314d5b9da31c",
    "https://deno.land/std@0.219.0/path/posix/resolve.ts": "08b699cfeee10cb6857ccab38fa4b2ec703b0ea33e8e69964f29d02a2d5257cf",
    "https://deno.land/std@0.219.0/path/posix/to_file_url.ts": "7aa752ba66a35049e0e4a4be5a0a31ac6b645257d2e031142abb1854de250aaf",
    "https://deno.land/std@0.219.0/path/posix/to_namespaced_path.ts": "28b216b3c76f892a4dca9734ff1cc0045d135532bfd9c435ae4858bfa5a2ebf0",
    "https://deno.land/std@0.219.0/path/relative.ts": "ab739d727180ed8727e34ed71d976912461d98e2b76de3d3de834c1066667add",
    "https://deno.land/std@0.219.0/path/resolve.ts": "a6f977bdb4272e79d8d0ed4333e3d71367cc3926acf15ac271f1d059c8494d8d",
    "https://deno.land/std@0.219.0/path/to_file_url.ts": "88f049b769bce411e2d2db5bd9e6fd9a185a5fbd6b9f5ad8f52bef517c4ece1b",
    "https://deno.land/std@0.219.0/path/to_namespaced_path.ts": "b706a4103b104cfadc09600a5f838c2ba94dbcdb642344557122dda444526e40",
    "https://deno.land/std@0.219.0/path/windows/_util.ts": "d5f47363e5293fced22c984550d5e70e98e266cc3f31769e1710511803d04808",
    "https://deno.land/std@0.219.0/path/windows/basename.ts": "e2dbf31d1d6385bfab1ce38c333aa290b6d7ae9e0ecb8234a654e583cf22f8fe",
    "https://deno.land/std@0.219.0/path/windows/common.ts": "26f60ccc8b2cac3e1613000c23ac5a7d392715d479e5be413473a37903a2b5d4",
    "https://deno.land/std@0.219.0/path/windows/constants.ts": "5afaac0a1f67b68b0a380a4ef391bf59feb55856aa8c60dfc01bd3b6abb813f5",
    "https://deno.land/std@0.219.0/path/windows/dirname.ts": "33e421be5a5558a1346a48e74c330b8e560be7424ed7684ea03c12c21b627bc9",
    "https://deno.land/std@0.219.0/path/windows/extname.ts": "165a61b00d781257fda1e9606a48c78b06815385e7d703232548dbfc95346bef",
    "https://deno.land/std@0.219.0/path/windows/format.ts": "bbb5ecf379305b472b1082cd2fdc010e44a0020030414974d6029be9ad52aeb6",
    "https://deno.land/std@0.219.0/path/windows/from_file_url.ts": "ced2d587b6dff18f963f269d745c4a599cf82b0c4007356bd957cb4cb52efc01",
    "https://deno.land/std@0.219.0/path/windows/glob_to_regexp.ts": "e45f1f89bf3fc36f94ab7b3b9d0026729829fabc486c77f414caebef3b7304f8",
    "https://deno.land/std@0.219.0/path/windows/is_absolute.ts": "4a8f6853f8598cf91a835f41abed42112cebab09478b072e4beb00ec81f8ca8a",
    "https://deno.land/std@0.219.0/path/windows/is_glob.ts": "8a8b08c08bf731acf2c1232218f1f45a11131bc01de81e5f803450a5914434b9",
    "https://deno.land/std@0.219.0/path/windows/join.ts": "8d03530ab89195185103b7da9dfc6327af13eabdcd44c7c63e42e27808f50ecf",
    "https://deno.land/std@0.219.0/path/windows/join_globs.ts": "a9475b44645feddceb484ee0498e456f4add112e181cb94042cdc6d47d1cdd25",
    "https://deno.land/std@0.219.0/path/windows/mod.ts": "2301fc1c54a28b349e20656f68a85f75befa0ee9b6cd75bfac3da5aca9c3f604",
    "https://deno.land/std@0.219.0/path/windows/normalize.ts": "78126170ab917f0ca355a9af9e65ad6bfa5be14d574c5fb09bb1920f52577780",
    "https://deno.land/std@0.219.0/path/windows/normalize_glob.ts": "9c87a829b6c0f445d03b3ecadc14492e2864c3ebb966f4cea41e98326e4435c6",
    "https://deno.land/std@0.219.0/path/windows/parse.ts": "dbdfe2bc6db482d755b5f63f7207cd019240fcac02ad2efa582adf67ff10553a",
    "https://deno.land/std@0.219.0/path/windows/relative.ts": "3e1abc7977ee6cc0db2730d1f9cb38be87b0ce4806759d271a70e4997fc638d7",
    "https://deno.land/std@0.219.0/path/windows/resolve.ts": "8dae1dadfed9d46ff46cc337c9525c0c7d959fb400a6308f34595c45bdca1972",
    "https://deno.land/std@0.219.0/path/windows/to_file_url.ts": "40e560ee4854fe5a3d4d12976cef2f4e8914125c81b11f1108e127934ced502e",
    "https://deno.land/std@0.219.0/path/windows/to_namespaced_path.ts": "4ffa4fb6fae321448d5fe810b3ca741d84df4d7897e61ee29be961a6aac89a4c",
    "https://esm.sh/@extractus/extractus@0.5.0": "257d9e8ea04f3d8d18e5521d896a165227c432fa48edaffc128b3972cf02d2bb",
    "https://esm.sh/v135/@blackglory/errors@3.0.3/denonext/errors.mjs": "336d9142b5025fee163213246d555ce4ec45494faafd44c8708f77d661bf96d6",
    "https://esm.sh/v135/@blackglory/go@1.1.3/denonext/go.mjs": "3fbcae209e092a4829ecd5969f9ca3c9d05d22222124c6f9e88cb00b8e45ce8a",
    "https://esm.sh/v135/@blackglory/log@2.0.2/denonext/log.mjs": "7e95188e1f17ca3efaf29ab9197b8acb1f0ea8f6409f6612dfd6170981a19682",
    "https://esm.sh/v135/@blackglory/pass@1.1.1/denonext/pass.mjs": "dbc7b798ae000c687fa5094d34d5d7f151102d39506c4dd1fb82f0fa15118285",
    "https://esm.sh/v135/@blackglory/prelude@0.3.4/denonext/prelude.mjs": "af8af6ed813d97d1616667baf026803c2c5aee03a260740458765ea2e320f64b",
    "https://esm.sh/v135/@blackglory/structures@0.13.4/denonext/structures.mjs": "e050f1b7850ae2e0d303813b398a9bf6f862572deab9e4e916cb3d456bd53c80",
    "https://esm.sh/v135/@extractus/defaults@0.4.2/denonext/defaults.mjs": "b5b7dc860d2322e83fa06880449d201ad0a1eec68a3877cdbd789b6f6b281770",
    "https://esm.sh/v135/@extractus/extractus@0.5.0/denonext/extractus.mjs": "eeabc565cda46b51f0253dccf39cfb6e2988300204058fe205fa3f491a265bac",
    "https://esm.sh/v135/@extractus/generic@0.4.2/denonext/generic.mjs": "4d32a0b6d442895acb6bae4903d9722dd334a287b69524e7a15fc7c28a6bd22f",
    "https://esm.sh/v135/@extractus/link-tag@0.4.2/denonext/link-tag.mjs": "3ab7757999d055079f3c1bef8c6143ee41363d0c55c29379a9c9ab4791c574a2",
    "https://esm.sh/v135/@extractus/meta-tags@0.4.2/denonext/meta-tags.mjs": "7d6c33c0292dea208ae0e4a8a12fb3dd1fd784701336379bc0440762a7fda0aa",
    "https://esm.sh/v135/@extractus/opengraph@0.4.2/denonext/opengraph.mjs": "b19e1838841ec0b365852c6ea89527e3e73ca1bb838ae332dc83c5ffad557f0c",
    "https://esm.sh/v135/@extractus/schema-org-jsonld@0.4.2/denonext/schema-org-jsonld.mjs": "f134f8e0f5947c397d703a2a711f317b7fa5af34dc88b844be65bb6c9b9ec857",
    "https://esm.sh/v135/@extractus/twitter-card@0.4.2/denonext/twitter-card.mjs": "758329757f70374d8e4f56f0444b45ff5d13c3520a119534d6dfd4e9f7ab6b9d",
    "https://esm.sh/v135/@extractus/utils@0.5.1/denonext/utils.mjs": "528903e3127d5c255fa9a0ba0e18f2eb1a935af72045b077af7ab43813267a19",
    "https://esm.sh/v135/@jridgewell/resolve-uri@3.1.2/denonext/resolve-uri.mjs": "6efe3879e3fe78cb5bc8f72cf14d0a3d1f57a02261ac9b35159b813a90cad08c",
    "https://esm.sh/v135/@minify-html/wasm@0.11.5/denonext/index_bg.js": "f009f27d240d42cd52afc8424d68fa6dfad8745eb7cf021d6d5fa051c51cdb14",
    "https://esm.sh/v135/@minify-html/wasm@0.11.5/denonext/wasm.mjs": "d97727e946a6e8c4bc66037b2d4f4ca6adf1d0b2da5906b5739a925d3d5896de",
    "https://esm.sh/v135/@stdlib/assert-has-own-property@0.0.7/denonext/assert-has-own-property.mjs": "3ccf3cde8b02149b17499db4ef2d5da6b976f3d2714c8e6701b9e529de0d6666",
    "https://esm.sh/v135/@stdlib/assert-has-own-property@0.1.1/denonext/assert-has-own-property.mjs": "572472fcf54e706b5daec4d578e1e8bc323d650dc8946ece461770b8ac206236",
    "https://esm.sh/v135/@stdlib/assert-has-symbol-support@0.0.8/denonext/assert-has-symbol-support.mjs": "1f8fae09d5ea4a72e2bf5fd6e5b51142454b37f12ac92fc0b2de8c2253aa386d",
    "https://esm.sh/v135/@stdlib/assert-has-symbol-support@0.1.1/denonext/assert-has-symbol-support.mjs": "ab54772158d1ed7d4465043a00fa09f1cfceebaa6c3163ed6960efa008fe4e8b",
    "https://esm.sh/v135/@stdlib/assert-has-tostringtag-support@0.0.9/denonext/assert-has-tostringtag-support.mjs": "953fdb5d29760bac82baf23987d585e5aa813ea554aa56c469fdba5f2bf35d96",
    "https://esm.sh/v135/@stdlib/assert-has-tostringtag-support@0.1.1/denonext/assert-has-tostringtag-support.mjs": "d22319e767445f6a197aed9134dce1ee347dae3eeb9fec2397c53a7e6992aad0",
    "https://esm.sh/v135/@stdlib/assert-is-digit-string@0.0.9/denonext/assert-is-digit-string.mjs": "d9c138dc3575271bec0bd3ad10c71a6824e7580d6ce39b9830d8ceaf229a8f98",
    "https://esm.sh/v135/@stdlib/assert-is-string@0.0.8/denonext/assert-is-string.mjs": "1ec55f80256b3b5123dc5346c56285ab30f689794b1d94648811c3a6dba9cac7",
    "https://esm.sh/v135/@stdlib/assert-is-string@0.1.1/denonext/assert-is-string.mjs": "05895f449387bd64753082c7b6884656f4bdf17b7537c6b4a6e7555ec869cfc7",
    "https://esm.sh/v135/@stdlib/assert-is-uri@0.1.1/denonext/assert-is-uri.mjs": "298d33f3917f38fc25000e6ddffd43250e4b33908d3b7303837e54e27b009ec8",
    "https://esm.sh/v135/@stdlib/string-base-format-interpolate@0.1.1/denonext/string-base-format-interpolate.mjs": "85f053e49d6145784b434555e4b07c8055e670cb1e35cea50a1bae3bb711bff4",
    "https://esm.sh/v135/@stdlib/string-base-format-tokenize@0.1.1/denonext/string-base-format-tokenize.mjs": "a65f761e101cc5dc84b61f97be7fb14b3cceed0729cd6aadb9423e68249e6dac",
    "https://esm.sh/v135/@stdlib/string-format@0.1.1/denonext/string-format.mjs": "b89c2e9335e4edf1543646857f7e1d912a2aa9e29fd2c8640bf29a67e90a1338",
    "https://esm.sh/v135/@stdlib/symbol-ctor@0.1.1/denonext/symbol-ctor.mjs": "7adf6328a785f10bf813850025ba10b2ecad1d4aef67f8e97d0e48dac38ea489",
    "https://esm.sh/v135/@stdlib/utils-define-nonenumerable-read-only-property@0.0.7/denonext/utils-define-nonenumerable-read-only-property.mjs": "bfa33b852e7fd2e8c24a88fd644cb0d9f6d2b5cbc65e454f850b42b15c3bd2d9",
    "https://esm.sh/v135/@stdlib/utils-define-nonenumerable-read-only-property@0.1.1/denonext/utils-define-nonenumerable-read-only-property.mjs": "3cb3541173f75a0e50d3840860338d4a5a5a5d49d2c5ef5b84f85a04614ee5ac",
    "https://esm.sh/v135/@stdlib/utils-define-property@0.0.9/denonext/utils-define-property.mjs": "a964665f06c255a45e2d1ea5f751500ec9c309383bc1c02a40e7985f3dce0db8",
    "https://esm.sh/v135/@stdlib/utils-define-property@0.1.1/denonext/utils-define-property.mjs": "a1a580f3e3871cc57c67b8f8fc064d8ea9390a4181b2aff02b0e61114a2c8481",
    "https://esm.sh/v135/@stdlib/utils-native-class@0.0.8/denonext/utils-native-class.mjs": "1514b02ec0462197aa7357fadaced2f7405ff5c320b98e125a88a43298837d74",
    "https://esm.sh/v135/@stdlib/utils-native-class@0.1.1/denonext/utils-native-class.mjs": "468cdf136c5266b3f428cd80403c61d896ba76bf3d5e6968b413bbcbc22059b5",
    "https://esm.sh/v135/boolbase@1.0.0/denonext/boolbase.mjs": "4e3bd67e9b1c5c55094eae98345d0107c6a44ef57bd3d4b9579698fa44722280",
    "https://esm.sh/v135/canvas@2.11.2/denonext/canvas.mjs": "4245b1d01d91b5e807b85e40e98efe28c93634260bd8cb5ac0da71c42098a1a4",
    "https://esm.sh/v135/chalk@5.3.0/denonext/chalk.mjs": "3943aef3775b1bb1c19ed547ef6d4ab66cb3f417595fd1dd70366878607cf9bf",
    "https://esm.sh/v135/condense-whitespace@3.0.0/denonext/condense-whitespace.mjs": "2c7f33c41b6cb2f578b0a6ac4158c84c12c44e1bf03c787712d02dfdf8eb66cd",
    "https://esm.sh/v135/css-select@5.1.0/denonext/css-select.mjs": "7f4fb680eff2223a68fb5a1efa12e905077d7e6c44ae66c01fc437fe7af58f8b",
    "https://esm.sh/v135/css-what@6.1.0/denonext/css-what.mjs": "283d02df6fef73d3223b55324b559b363dd0e4c008ea1efbcf9f14b8f2642202",
    "https://esm.sh/v135/cssom@0.5.0/denonext/cssom.mjs": "c4216df78cba2c7be94853258b6b28c681e60ff89d4aeb3149b0ac91302be428",
    "https://esm.sh/v135/deepmerge@4.3.1/denonext/deepmerge.mjs": "08481570f6011601fe4b827bffb00cdea632e55c923c44485d8719e8ab77b7c9",
    "https://esm.sh/v135/destr@2.0.3/denonext/destr.mjs": "1ba48c0c9435bb88ae8217a2f15c2d396e30fc7fecc1f970cdd5d842d2094821",
    "https://esm.sh/v135/dom-serializer@2.0.0/denonext/dom-serializer.mjs": "700001f5fdb9f72fc7d1f169be700489ddd7f19489b58b6e8691ff1fca9000fe",
    "https://esm.sh/v135/domelementtype@2.3.0/denonext/domelementtype.mjs": "371936c356d5ac797f2ce3a66b98dfc73e6fff0e095b2858b85668e6ad7d10e0",
    "https://esm.sh/v135/domhandler@5.0.3/denonext/domhandler.mjs": "8c6e56c4596bbe7e9fd9d615f8fcdec7f11075f217bdc966a02ebe89c01b9f6f",
    "https://esm.sh/v135/domutils@3.1.0/denonext/domutils.mjs": "2a86554cc5f543a068bbf6ea6ed0647f4ad4c3ccb555f0da9fae09180cd7b611",
    "https://esm.sh/v135/entities@4.5.0/denonext/entities.mjs": "a9e8f9c22022c34755d1189030ac30c68545ccf8532fa32654c50fe9d90a13a1",
    "https://esm.sh/v135/entities@4.5.0/denonext/lib/decode.js": "7fea6d8bd725edbbf7ea05031d2ea1bbbc1166dc11e3345d541198dd2dc16f1e",
    "https://esm.sh/v135/entities@4.5.0/denonext/lib/escape.js": "7ebdc622bf3618bab25db40da4a49e2b9d03f044745f125f0bc3359f2d060def",
    "https://esm.sh/v135/escape-string-regexp@4.0.0/denonext/escape-string-regexp.mjs": "4bebd5b21a97ea88f1b93f2851c077053d3cc323ac2b2eefc835ff3d7dab8ae9",
    "https://esm.sh/v135/extra-abort@0.3.7/denonext/extra-abort.mjs": "4067b499ce261da87adb1f6b9197b377d80d582104af95178eb53e07ea258784",
    "https://esm.sh/v135/extra-abort@0.3.9/denonext/extra-abort.mjs": "73dc202d78b46255a16fdad17293ae8426b1179bb04576e7a8b35fe15b1698c6",
    "https://esm.sh/v135/extra-compatible@0.2.1/denonext/extra-compatible.mjs": "1b8c30b5bab4838d14f3de4c6d6e296404ceec2ff8de8d398f52c3ed9737bdf3",
    "https://esm.sh/v135/extra-fsm@0.2.1/denonext/extra-fsm.mjs": "110c8d23f7cdd7d412e73cb9f6a299552274974505ad1cc8238fe54bfc81797f",
    "https://esm.sh/v135/extra-generator@0.5.3/denonext/extra-generator.mjs": "7bbbef051373abd7c3ee0af7f5cef32659610c02943f1efe6afc0efa19068b44",
    "https://esm.sh/v135/extra-json-stable-stringify@0.1.2/denonext/extra-json-stable-stringify.mjs": "e25c6c9a55df69e7d54d11661355119e28bf992f553e3873f86f4e13d6af8006",
    "https://esm.sh/v135/extra-lazy@2.0.2/denonext/extra-lazy.mjs": "b0b30d5496cb97623acec8ef555ce4a9381ae4881203676d139188f6f816707e",
    "https://esm.sh/v135/extra-promise@6.0.8/denonext/extra-promise.mjs": "fa7e50dfa20e4fbf804fe6668e889c539d66e75689d9f404a871ea46f542dcd4",
    "https://esm.sh/v135/extra-promise@6.2.0/denonext/extra-promise.mjs": "e93ba57b09d1812b515dc0cbe1705f39cf8cd555c19b1586b90a9a7aaa374a48",
    "https://esm.sh/v135/extra-rand@0.1.5/denonext/extra-rand.mjs": "6400738d219fd22c2c4fc9cb2213242452a15a103b6aebcf3f8281916cf052cb",
    "https://esm.sh/v135/extra-timers@0.2.6/denonext/extra-timers.mjs": "ce4df11bd7e4d75e5d508129f21eaa23275142fc74ffbca5220ed65a4fdf78ea",
    "https://esm.sh/v135/extra-utils@5.5.2/denonext/extra-utils.mjs": "d35354b38c6c832680ab17ffadebb5cfa84b6502a572d8f3a0beb74c1551ce71",
    "https://esm.sh/v135/extra-utils@5.6.0/denonext/extra-utils.mjs": "a7dd00eede67d7edfcde80f72ce8224ab5df36f89690a90103b3031f812aca6b",
    "https://esm.sh/v135/extra-utils@5.7.0/denonext/extra-utils.mjs": "96356519642d81616d6cb2fecc3c5167824080c03ddfbc4f898f9333db8c7d50",
    "https://esm.sh/v135/fast-stable-stringify@1.0.0/denonext/fast-stable-stringify.mjs": "d4e689d5c72278e3d69fb459f437a3412a7effaa1f7fd78b59f11d4a57b0e014",
    "https://esm.sh/v135/fastest-levenshtein@1.0.16/denonext/fastest-levenshtein.mjs": "d6c4e70db854dc63101ea9dbe480005003a29fff4794efa39f08c79e839188d1",
    "https://esm.sh/v135/gh/mongoosejs/mpath@2c9a79bd2b": "620049328a73e4e53d1fe13184c7175c105987a8234c310d4cefbda158f84a2f",
    "https://esm.sh/v135/gh/mongoosejs/mpath@2c9a79bd2b/denonext/mpath.mjs": "916a0fcba0728bfdc50b175247befd07aacf1122817e7a4cd219b6f22ebccfeb",
    "https://esm.sh/v135/htmlparser2@8.0.2/denonext/htmlparser2.mjs": "219a31d81c87d8ea21bec9be33d0d03bb8942c8b79fb8b9e2e6a05b826fc24dc",
    "https://esm.sh/v135/htmlparser2@9.1.0/denonext/htmlparser2.mjs": "e5186144ca1dd8829bda984fd778500356f241597c67e2c674213c684168e985",
    "https://esm.sh/v135/is-absolute-url@4.0.1/denonext/is-absolute-url.mjs": "ef2e90ea0fcb49e3163008be6dc581657dced7a7170c026329f016e96cdd9019",
    "https://esm.sh/v135/is-chinese@2.0.0/denonext/is-chinese.mjs": "00877c3b5dc5f26ede18de0e4c4bf46781c6b41857e5f56d6b01a60aa055c9d0",
    "https://esm.sh/v135/is-plain-object@5.0.0/denonext/is-plain-object.mjs": "6d9568ddc8b90de99a46c63e14984810280b6b021dc4e478803b3c240811985f",
    "https://esm.sh/v135/iterable-operator@4.0.6/denonext/iterable-operator.mjs": "d78cf44532dd8d250d83d03ea8b686f9481f296c675a84e02aa453489e8b3833",
    "https://esm.sh/v135/iterable-operator@4.0.7/denonext/iterable-operator.mjs": "046f9879149c061e827a023493d1886c55f5b2da72d93bb18f8a669307a5f688",
    "https://esm.sh/v135/linkedom@0.16.11/denonext/linkedom.mjs": "5af7e809b720c873c0e41dfb9b2b4c7bd5e227e39b878530db2ca8e40f44a75f",
    "https://esm.sh/v135/lodash-es@4.17.21/denonext/lodash-es.mjs": "ca6d37e6a1271d1bd8920da5ff11f7d05465f5d7961d5d09b44db331838981d7",
    "https://esm.sh/v135/loglevel-plugin-prefix@0.8.4/denonext/loglevel-plugin-prefix.mjs": "a710f38536a10c0fca20c47f0271d8681156dc43228fbbcb5dae7dc768b5b049",
    "https://esm.sh/v135/loglevel@1.9.1/denonext/loglevel.mjs": "5db09fc1646eb32f40ba8d86ae1073a85d7e61f8f97114c841e0f345fc639825",
    "https://esm.sh/v135/micro-memoize@4.1.2/denonext/micro-memoize.mjs": "b1e3ff79b5a7d718115d68cd3d7346a32b4ee366aecb64a58614a522836605c7",
    "https://esm.sh/v135/nanoid@3.3.7/denonext/non-secure.js": "04f910c9045422af11c2760899978492d745d6b13e5d9f08040c13b658c27ee0",
    "https://esm.sh/v135/normalize-url@8.0.1/denonext/normalize-url.mjs": "a921bae8f85827620e69d7ff10767c496fcb736f682c0cc0b47a88fac2f50666",
    "https://esm.sh/v135/nth-check@2.1.1/denonext/nth-check.mjs": "638b4f5a22236cd05c7d1d43e5c6ea719695c4a8bc7beccdf8d97a434bea96dc",
    "https://esm.sh/v135/object-inspect@1.13.2/denonext/object-inspect.mjs": "b3e0e594e64fbf24fbe9f5fd6abe19b8199a4871f6edd8da07225e2f19733245",
    "https://esm.sh/v135/parse-srcset@1.0.2/denonext/parse-srcset.mjs": "79b825d12a392cca8b39a53f6189e4f6d8c81612bbed7e3bb7946195d5264737",
    "https://esm.sh/v135/picocolors@1.0.0/denonext/picocolors.mjs": "5d53d745955947dce84f82222cfd00fd021239fcbe9336c6bbfe34ed2f40886c",
    "https://esm.sh/v135/postcss@8.4.38/denonext/lib/at-rule.js": "7f7aad25773b6361b5f7a81309dd3d60555426b4fe859c29dfb68a9110de0b4d",
    "https://esm.sh/v135/postcss@8.4.38/denonext/lib/comment.js": "94519769317b9856732782925d9c32f33c98633a3b31074a76034d4a16a360b5",
    "https://esm.sh/v135/postcss@8.4.38/denonext/lib/container.js": "45883ae24d338835db06f324706ba0934663dd8bcc88d21aa923d05597bfd38e",
    "https://esm.sh/v135/postcss@8.4.38/denonext/lib/css-syntax-error.js": "caef7286b91a148388b76a45cb0bf5293b005897a48cf62f4f56c30ce2eb0834",
    "https://esm.sh/v135/postcss@8.4.38/denonext/lib/declaration.js": "44558eb6e72e0f000c036509b3ef3d44d70432cd4d01e09671c2c85ab1709cf4",
    "https://esm.sh/v135/postcss@8.4.38/denonext/lib/fromJSON.js": "f05f54ed5babba9300d5121275e1107ae4b12276b86b13f3219ea80fa9986ea3",
    "https://esm.sh/v135/postcss@8.4.38/denonext/lib/input.js": "14c0a956b92c072b593ef35001970bf762978b07f42e60f0aacdace541c1a82d",
    "https://esm.sh/v135/postcss@8.4.38/denonext/lib/lazy-result.js": "f0534da57a829115bbee562df99b3ff9891bad4692fd094702246437db84af28",
    "https://esm.sh/v135/postcss@8.4.38/denonext/lib/list.js": "ce4588bde029f95e2bcfb7675670af661551914e73c96c8bc7ce24fa9f978b65",
    "https://esm.sh/v135/postcss@8.4.38/denonext/lib/map-generator.js": "3b9a40cb3bac5922ad4816a2cadf8ccbaab11cfc305fc0a3afbec4358526b480",
    "https://esm.sh/v135/postcss@8.4.38/denonext/lib/no-work-result.js": "f2151514943518a5ac4c13d6853512f8cfa709e80c67f5e3bbc551ef0d8c72ca",
    "https://esm.sh/v135/postcss@8.4.38/denonext/lib/node.js": "ba7355f16c1bc712dd71484012fde675c10c7a38c0ea6a1f03eca9ab8ccb3b07",
    "https://esm.sh/v135/postcss@8.4.38/denonext/lib/parse.js": "db01a4fcb97fef4be982ea3f32edaed427613921a31801983eb4a23ef2b65233",
    "https://esm.sh/v135/postcss@8.4.38/denonext/lib/parser.js": "a0a5ed855c27c92eeb2c2b5e727f4d1023cbe458376077172196de18692315e2",
    "https://esm.sh/v135/postcss@8.4.38/denonext/lib/postcss.js": "f1b3eabedea51c3f10d5ada9d4dd63bff400216edda089eca6b9378be99326b2",
    "https://esm.sh/v135/postcss@8.4.38/denonext/lib/previous-map.js": "181598770c54258b85eacfe180dcacbb19695a27dcde4456aeee058e4378d335",
    "https://esm.sh/v135/postcss@8.4.38/denonext/lib/processor.js": "b02c06cc3d78c5b8eb85f3c81b9034d2ab9cb714d2c109d0dbca050f6a33eb42",
    "https://esm.sh/v135/postcss@8.4.38/denonext/lib/result.js": "381de30db69bda66e0d766eb6b3eb7db85f624ff8ad3a4ed8e8dc86248ebd547",
    "https://esm.sh/v135/postcss@8.4.38/denonext/lib/root.js": "a535bc0ddbae94e365ba09c702fff2e4a101cd2264aafd5f34e3c3595e83ae39",
    "https://esm.sh/v135/postcss@8.4.38/denonext/lib/rule.js": "1cac88cf4576e276a19ac6cb72c27f9232f5c7f0b6870f9f9dae5a5181142b8c",
    "https://esm.sh/v135/postcss@8.4.38/denonext/lib/stringifier.js": "df945581d9ae8d1dd1ba4ba354005781bc8faf3e3e8583d471c9cee04fa9171d",
    "https://esm.sh/v135/postcss@8.4.38/denonext/lib/stringify.js": "04ecdc098b435f81815d4c9f311ab17c55086ba628a3381b6ab0f84976d3546d",
    "https://esm.sh/v135/postcss@8.4.38/denonext/lib/symbols.js": "614126031ee73d7e80f807366d5f18ca5ff690ad5853e47af3eed579d9267eaf",
    "https://esm.sh/v135/postcss@8.4.38/denonext/lib/terminal-highlight.js": "6ddd355bb57c0cb59f6d4a3b1cb37316eea8f5f10be71e582982ec2b5a7b02b1",
    "https://esm.sh/v135/postcss@8.4.38/denonext/lib/tokenize.js": "d2d31a1e8e148a4693d2be7ed2eea788a14189b400fe9c77c2df6a72456ea3cf",
    "https://esm.sh/v135/postcss@8.4.38/denonext/lib/warn-once.js": "6d2c941f8f55f4988d78dc2632d688eb5a1e87a680e0de54308df41101a4c5b8",
    "https://esm.sh/v135/postcss@8.4.38/denonext/lib/warning.js": "481625e9ac2a4ccc8a6722af2f4eb6490be2df1fcc83e572190cffd4be990e04",
    "https://esm.sh/v135/postcss@8.4.38/denonext/postcss.mjs": "a31d638a44d7653e06a9d82b0aeadf14b3bbd7907a3f4d8519f8006a77f73f31",
    "https://esm.sh/v135/return-style@3.0.1/denonext/return-style.mjs": "20ff4f7b1ff86acb40a2659856e64975091ac17cd717fd781749b7fae32b7b05",
    "https://esm.sh/v135/rxjs@7.8.1/denonext/rxjs.mjs": "5b7ef4f0e05f81c90bb2fdf37ac4c2c2f30680a8fe90aa6b716750dd901529ca",
    "https://esm.sh/v135/sanitize-html@2.13.0/denonext/sanitize-html.mjs": "96c399ef8a0b95b2839cca3c99a8467f548d3043e587253de8617904d6308ccb",
    "https://esm.sh/v135/source-map-js@1.2.0/denonext/source-map-js.mjs": "09ac7844f8befaecf87151a2cba96cb5b658563fc2b4d2f099f0558dfb9c193d",
    "https://esm.sh/v135/tslib@2.6.2/denonext/tslib.mjs": "29782bcd3139f77ec063dc5a9385c0fff4a8d0a23b6765c73d9edeb169a04bf1",
    "https://esm.sh/v135/uhyphen@0.2.0/denonext/uhyphen.mjs": "53c707ad31488ef2f131e2ac9257d91b7b590a777e60288a34b3a04f1e65ad5a",
    "https://esm.sh/v135/urlpattern-polyfill@9.0.0/denonext/urlpattern-polyfill.mjs": "4cec5e294df5fc881347860973ef12e332e25ebe389e86e9e8c003d9fc13e17f",
    "https://esm.sh/v135/urlpattern-polyfill@9.0.0/denonext/urlpattern.js": "037acb3b5d74632b08437ecb765bbb8e9e921abd1f11935331550080320d98ea"
  },
  "workspace": {
    "packageJson": {
      "dependencies": [
        "npm:deno-bin@^1.45.2"
      ]
    }
  }
}
